
Microsoft Visual Studio Solution File, Format Version 12.00
# Visual Studio Version 17
VisualStudioVersion = 17.9.34902.65
MinimumVisualStudioVersion = 10.0.40219.1
Project("{8BC9CEB8-8B4A-11D0-8D11-00A0C91BC942}") = "ch6", "ch6\ch6.vcxproj", "{812B844F-343D-4790-B7FD-FD2507844773}"
EndProject
Global
	GlobalSection(SolutionConfigurationPlatforms) = preSolution
		Debug|x64 = Debug|x64
		Debug|x86 = Debug|x86
		Release|x64 = Release|x64
		Release|x86 = Release|x86
	EndGlobalSection
	GlobalSection(ProjectConfigurationPlatforms) = postSolution
		{812B844F-343D-4790-B7FD-FD2507844773}.Debug|x64.ActiveCfg = Debug|x64
		{812B844F-343D-4790-B7FD-FD2507844773}.Debug|x64.Build.0 = Debug|x64
		{812B844F-343D-4790-B7FD-FD2507844773}.Debug|x86.ActiveCfg = Debug|Win32
		{812B844F-343D-4790-B7FD-FD2507844773}.Debug|x86.Build.0 = Debug|Win32
		{812B844F-343D-4790-B7FD-FD2507844773}.Release|x64.ActiveCfg = Release|x64
		{812B844F-343D-4790-B7FD-FD2507844773}.Release|x64.Build.0 = Release|x64
		{812B844F-343D-4790-B7FD-FD2507844773}.Release|x86.ActiveCfg = Release|Win32
		{812B844F-343D-4790-B7FD-FD2507844773}.Release|x86.Build.0 = Release|Win32
	EndGlobalSection
	GlobalSection(SolutionProperties) = preSolution
		HideSolutionNode = FALSE
	EndGlobalSection
	GlobalSection(ExtensibilityGlobals) = postSolution
		SolutionGuid = {CB30F4E8-A5E7-4D2A-8006-1B12283A4612}
	EndGlobalSection
EndGlobal
