
Microsoft Visual Studio Solution File, Format Version 12.00
# Visual Studio Version 17
VisualStudioVersion = 17.9.34902.65
MinimumVisualStudioVersion = 10.0.40219.1
Project("{8BC9CEB8-8B4A-11D0-8D11-00A0C91BC942}") = "2-3", "2-3\2-3.vcxproj", "{FF58D02E-F8D4-4366-8291-E26511A3379E}"
EndProject
Global
	GlobalSection(SolutionConfigurationPlatforms) = preSolution
		Debug|x64 = Debug|x64
		Debug|x86 = Debug|x86
		Release|x64 = Release|x64
		Release|x86 = Release|x86
	EndGlobalSection
	GlobalSection(ProjectConfigurationPlatforms) = postSolution
		{FF58D02E-F8D4-4366-8291-E26511A3379E}.Debug|x64.ActiveCfg = Debug|x64
		{FF58D02E-F8D4-4366-8291-E26511A3379E}.Debug|x64.Build.0 = Debug|x64
		{FF58D02E-F8D4-4366-8291-E26511A3379E}.Debug|x86.ActiveCfg = Debug|Win32
		{FF58D02E-F8D4-4366-8291-E26511A3379E}.Debug|x86.Build.0 = Debug|Win32
		{FF58D02E-F8D4-4366-8291-E26511A3379E}.Release|x64.ActiveCfg = Release|x64
		{FF58D02E-F8D4-4366-8291-E26511A3379E}.Release|x64.Build.0 = Release|x64
		{FF58D02E-F8D4-4366-8291-E26511A3379E}.Release|x86.ActiveCfg = Release|Win32
		{FF58D02E-F8D4-4366-8291-E26511A3379E}.Release|x86.Build.0 = Release|Win32
	EndGlobalSection
	GlobalSection(SolutionProperties) = preSolution
		HideSolutionNode = FALSE
	EndGlobalSection
	GlobalSection(ExtensibilityGlobals) = postSolution
		SolutionGuid = {F5609C04-8F8C-4C07-9ACE-F8FCDF6CB5C3}
	EndGlobalSection
EndGlobal
